
Microsoft Visual Studio Solution File, Format Version 12.00
# Visual Studio Version 16
VisualStudioVersion = 16.0.30104.148
MinimumVisualStudioVersion = 10.0.40219.1
Project("{FAE04EC0-301F-11D3-BF4B-00C04F79EFBC}") = "528test", "528test\528test.csproj", "{762F2F27-A8DA-46B2-A78A-6742C5327AB1}"
EndProject
Global
	GlobalSection(SolutionConfigurationPlatforms) = preSolution
		Debug|Any CPU = Debug|Any CPU
		Release|Any CPU = Release|Any CPU
	EndGlobalSection
	GlobalSection(ProjectConfigurationPlatforms) = postSolution
		{762F2F27-A8DA-46B2-A78A-6742C5327AB1}.Debug|Any CPU.ActiveCfg = Debug|Any CPU
		{762F2F27-A8DA-46B2-A78A-6742C5327AB1}.Debug|Any CPU.Build.0 = Debug|Any CPU
		{762F2F27-A8DA-46B2-A78A-6742C5327AB1}.Release|Any CPU.ActiveCfg = Release|Any CPU
		{762F2F27-A8DA-46B2-A78A-6742C5327AB1}.Release|Any CPU.Build.0 = Release|Any CPU
	EndGlobalSection
	GlobalSection(SolutionProperties) = preSolution
		HideSolutionNode = FALSE
	EndGlobalSection
	GlobalSection(ExtensibilityGlobals) = postSolution
		SolutionGuid = {9273C7CE-1A6C-4074-BAAE-09C2E1A0EA09}
	EndGlobalSection
EndGlobal
